
Microsoft Visual Studio Solution File, Format Version 12.00
# Visual Studio Version 16
VisualStudioVersion = 16.0.32901.82
MinimumVisualStudioVersion = 10.0.40219.1
Project("{FAE04EC0-301F-11D3-BF4B-00C04F79EFBC}") = "Dom13.10.23", "Dom13.10.23\Dom13.10.23.csproj", "{AC62E0A2-AAA6-4622-9B14-C9631B17656F}"
EndProject
Global
	GlobalSection(SolutionConfigurationPlatforms) = preSolution
		Debug|Any CPU = Debug|Any CPU
		Release|Any CPU = Release|Any CPU
	EndGlobalSection
	GlobalSection(ProjectConfigurationPlatforms) = postSolution
		{AC62E0A2-AAA6-4622-9B14-C9631B17656F}.Debug|Any CPU.ActiveCfg = Debug|Any CPU
		{AC62E0A2-AAA6-4622-9B14-C9631B17656F}.Debug|Any CPU.Build.0 = Debug|Any CPU
		{AC62E0A2-AAA6-4622-9B14-C9631B17656F}.Release|Any CPU.ActiveCfg = Release|Any CPU
		{AC62E0A2-AAA6-4622-9B14-C9631B17656F}.Release|Any CPU.Build.0 = Release|Any CPU
	EndGlobalSection
	GlobalSection(SolutionProperties) = preSolution
		HideSolutionNode = FALSE
	EndGlobalSection
	GlobalSection(ExtensibilityGlobals) = postSolution
		SolutionGuid = {B68B7F9A-F316-4F10-BECB-130710307B47}
	EndGlobalSection
EndGlobal
