
Microsoft Visual Studio Solution File, Format Version 12.00
# Visual Studio Version 16
VisualStudioVersion = 16.0.32901.82
MinimumVisualStudioVersion = 10.0.40219.1
Project("{FAE04EC0-301F-11D3-BF4B-00C04F79EFBC}") = "Dom 6.10", "Dom 6.10\Dom 6.10.csproj", "{51B58016-FA65-47C6-A7C1-AE1478563288}"
EndProject
Project("{FAE04EC0-301F-11D3-BF4B-00C04F79EFBC}") = "zad 2", "zad 2\zad 2.csproj", "{05C8E6A3-2634-428E-94C9-0157039E3C98}"
EndProject
Project("{FAE04EC0-301F-11D3-BF4B-00C04F79EFBC}") = "3 zad", "3 zad\3 zad.csproj", "{B1E7750A-72DF-444A-B6D5-94C4A7197B0B}"
EndProject
Global
	GlobalSection(SolutionConfigurationPlatforms) = preSolution
		Debug|Any CPU = Debug|Any CPU
		Release|Any CPU = Release|Any CPU
	EndGlobalSection
	GlobalSection(ProjectConfigurationPlatforms) = postSolution
		{51B58016-FA65-47C6-A7C1-AE1478563288}.Debug|Any CPU.ActiveCfg = Debug|Any CPU
		{51B58016-FA65-47C6-A7C1-AE1478563288}.Debug|Any CPU.Build.0 = Debug|Any CPU
		{51B58016-FA65-47C6-A7C1-AE1478563288}.Release|Any CPU.ActiveCfg = Release|Any CPU
		{51B58016-FA65-47C6-A7C1-AE1478563288}.Release|Any CPU.Build.0 = Release|Any CPU
		{05C8E6A3-2634-428E-94C9-0157039E3C98}.Debug|Any CPU.ActiveCfg = Debug|Any CPU
		{05C8E6A3-2634-428E-94C9-0157039E3C98}.Debug|Any CPU.Build.0 = Debug|Any CPU
		{05C8E6A3-2634-428E-94C9-0157039E3C98}.Release|Any CPU.ActiveCfg = Release|Any CPU
		{05C8E6A3-2634-428E-94C9-0157039E3C98}.Release|Any CPU.Build.0 = Release|Any CPU
		{B1E7750A-72DF-444A-B6D5-94C4A7197B0B}.Debug|Any CPU.ActiveCfg = Debug|Any CPU
		{B1E7750A-72DF-444A-B6D5-94C4A7197B0B}.Debug|Any CPU.Build.0 = Debug|Any CPU
		{B1E7750A-72DF-444A-B6D5-94C4A7197B0B}.Release|Any CPU.ActiveCfg = Release|Any CPU
		{B1E7750A-72DF-444A-B6D5-94C4A7197B0B}.Release|Any CPU.Build.0 = Release|Any CPU
	EndGlobalSection
	GlobalSection(SolutionProperties) = preSolution
		HideSolutionNode = FALSE
	EndGlobalSection
	GlobalSection(ExtensibilityGlobals) = postSolution
		SolutionGuid = {167AFD1B-48D1-4E48-ACDB-526567ADAC58}
	EndGlobalSection
EndGlobal
